
Microsoft Visual Studio Solution File, Format Version 12.00
# Visual Studio 15
VisualStudioVersion = 15.0.26730.15
MinimumVisualStudioVersion = 10.0.40219.1
Project("{FAE04EC0-301F-11D3-BF4B-00C04F79EFBC}") = "UmlDiagram", "UmlDiagram\UmlDiagram.csproj", "{EC7D7671-ADBE-4F21-AB97-4714651134ED}"
EndProject
Global
	GlobalSection(SolutionConfigurationPlatforms) = preSolution
		Debug|Any CPU = Debug|Any CPU
		Release|Any CPU = Release|Any CPU
	EndGlobalSection
	GlobalSection(ProjectConfigurationPlatforms) = postSolution
		{EC7D7671-ADBE-4F21-AB97-4714651134ED}.Debug|Any CPU.ActiveCfg = Debug|Any CPU
		{EC7D7671-ADBE-4F21-AB97-4714651134ED}.Debug|Any CPU.Build.0 = Debug|Any CPU
		{EC7D7671-ADBE-4F21-AB97-4714651134ED}.Release|Any CPU.ActiveCfg = Release|Any CPU
		{EC7D7671-ADBE-4F21-AB97-4714651134ED}.Release|Any CPU.Build.0 = Release|Any CPU
	EndGlobalSection
	GlobalSection(SolutionProperties) = preSolution
		HideSolutionNode = FALSE
	EndGlobalSection
	GlobalSection(ExtensibilityGlobals) = postSolution
		SolutionGuid = {49D9DA90-60EE-475E-9F35-1CFB154FE6DE}
	EndGlobalSection
EndGlobal
